// !$*UTF8*$!
{
	archiveVersion = 1;
	classes = {
	};
	objectVersion = 46;
	objects = {

/* Begin PBXBuildFile section */
		07580EE02035BB160033120E /* AppDelegate.swift in Sources */ = {isa = PBXBuildFile; fileRef = 07580EDF2035BB160033120E /* AppDelegate.swift */; };
		07580EE22035BB160033120E /* ViewController.swift in Sources */ = {isa = PBXBuildFile; fileRef = 07580EE12035BB160033120E /* ViewController.swift */; };
		07580EE52035BB160033120E /* Main.storyboard in Resources */ = {isa = PBXBuildFile; fileRef = 07580EE32035BB160033120E /* Main.storyboard */; };
		07580EE72035BB160033120E /* Assets.xcassets in Resources */ = {isa = PBXBuildFile; fileRef = 07580EE62035BB160033120E /* Assets.xcassets */; };
		07580EEA2035BB160033120E /* LaunchScreen.storyboard in Resources */ = {isa = PBXBuildFile; fileRef = 07580EE82035BB160033120E /* LaunchScreen.storyboard */; };
		07580EF52035BB160033120E /* DouYuZBTests.swift in Sources */ = {isa = PBXBuildFile; fileRef = 07580EF42035BB160033120E /* DouYuZBTests.swift */; };
		07580F002035BB160033120E /* DouYuZBUITests.swift in Sources */ = {isa = PBXBuildFile; fileRef = 07580EFF2035BB160033120E /* DouYuZBUITests.swift */; };
		2E8B2DEEBFEB55BC99078096 /* Pods_DouYuZBUITests.framework in Frameworks */ = {isa = PBXBuildFile; fileRef = 35EFEA7323F429D313206D47 /* Pods_DouYuZBUITests.framework */; };
		30BAA964355658ADB1D5374C /* Pods_DouYuZB.framework in Frameworks */ = {isa = PBXBuildFile; fileRef = B748042708D5D0C8D6301251 /* Pods_DouYuZB.framework */; };
		7C8A733EAB1274F120556D6B /* Pods_DouYuZBTests.framework in Frameworks */ = {isa = PBXBuildFile; fileRef = C094AD076E3E316CCFCCAA9D /* Pods_DouYuZBTests.framework */; };
/* End PBXBuildFile section */

/* Begin PBXContainerItemProxy section */
		07580EF12035BB160033120E /* PBXContainerItemProxy */ = {
			isa = PBXContainerItemProxy;
			containerPortal = 07580ED42035BB160033120E /* Project object */;
			proxyType = 1;
			remoteGlobalIDString = 07580EDB2035BB160033120E;
			remoteInfo = DouYuZB;
		};
		07580EFC2035BB160033120E /* PBXContainerItemProxy */ = {
			isa = PBXContainerItemProxy;
			containerPortal = 07580ED42035BB160033120E /* Project object */;
			proxyType = 1;
			remoteGlobalIDString = 07580EDB2035BB160033120E;
			remoteInfo = DouYuZB;
		};
/* End PBXContainerItemProxy section */

/* Begin PBXFileReference section */
		07580EDC2035BB160033120E /* DouYuZB.app */ = {isa = PBXFileReference; explicitFileType = wrapper.application; includeInIndex = 0; path = DouYuZB.app; sourceTree = BUILT_PRODUCTS_DIR; };
		07580EDF2035BB160033120E /* AppDelegate.swift */ = {isa = PBXFileReference; lastKnownFileType = sourcecode.swift; path = AppDelegate.swift; sourceTree = "<group>"; };
		07580EE12035BB160033120E /* ViewController.swift */ = {isa = PBXFileReference; lastKnownFileType = sourcecode.swift; path = ViewController.swift; sourceTree = "<group>"; };
		07580EE42035BB160033120E /* Base */ = {isa = PBXFileReference; lastKnownFileType = file.storyboard; name = Base; path = Base.lproj/Main.storyboard; sourceTree = "<group>"; };
		07580EE62035BB160033120E /* Assets.xcassets */ = {isa = PBXFileReference; lastKnownFileType = folder.assetcatalog; path = Assets.xcassets; sourceTree = "<group>"; };
		07580EE92035BB160033120E /* Base */ = {isa = PBXFileReference; lastKnownFileType = file.storyboard; name = Base; path = Base.lproj/LaunchScreen.storyboard; sourceTree = "<group>"; };
		07580EEB2035BB160033120E /* Info.plist */ = {isa = PBXFileReference; lastKnownFileType = text.plist.xml; path = Info.plist; sourceTree = "<group>"; };
		07580EF02035BB160033120E /* DouYuZBTests.xctest */ = {isa = PBXFileReference; explicitFileType = wrapper.cfbundle; includeInIndex = 0; path = DouYuZBTests.xctest; sourceTree = BUILT_PRODUCTS_DIR; };
		07580EF42035BB160033120E /* DouYuZBTests.swift */ = {isa = PBXFileReference; lastKnownFileType = sourcecode.swift; path = DouYuZBTests.swift; sourceTree = "<group>"; };
		07580EF62035BB160033120E /* Info.plist */ = {isa = PBXFileReference; lastKnownFileType = text.plist.xml; path = Info.plist; sourceTree = "<group>"; };
		07580EFB2035BB160033120E /* DouYuZBUITests.xctest */ = {isa = PBXFileReference; explicitFileType = wrapper.cfbundle; includeInIndex = 0; path = DouYuZBUITests.xctest; sourceTree = BUILT_PRODUCTS_DIR; };
		07580EFF2035BB160033120E /* DouYuZBUITests.swift */ = {isa = PBXFileReference; lastKnownFileType = sourcecode.swift; path = DouYuZBUITests.swift; sourceTree = "<group>"; };
		07580F012035BB160033120E /* Info.plist */ = {isa = PBXFileReference; lastKnownFileType = text.plist.xml; path = Info.plist; sourceTree = "<group>"; };
		14C06C6656AAE073E2FCA239 /* Pods-DouYuZB.release.xcconfig */ = {isa = PBXFileReference; includeInIndex = 1; lastKnownFileType = text.xcconfig; name = "Pods-DouYuZB.release.xcconfig"; path = "Pods/Target Support Files/Pods-DouYuZB/Pods-DouYuZB.release.xcconfig"; sourceTree = "<group>"; };
		1E126FD3F7C47AFC89A1A3AE /* Pods-DouYuZBTests.debug.xcconfig */ = {isa = PBXFileReference; includeInIndex = 1; lastKnownFileType = text.xcconfig; name = "Pods-DouYuZBTests.debug.xcconfig"; path = "Pods/Target Support Files/Pods-DouYuZBTests/Pods-DouYuZBTests.debug.xcconfig"; sourceTree = "<group>"; };
		35EFEA7323F429D313206D47 /* Pods_DouYuZBUITests.framework */ = {isa = PBXFileReference; explicitFileType = wrapper.framework; includeInIndex = 0; path = Pods_DouYuZBUITests.framework; sourceTree = BUILT_PRODUCTS_DIR; };
		42D68C636877819ADD7DF965 /* Pods-DouYuZBUITests.debug.xcconfig */ = {isa = PBXFileReference; includeInIndex = 1; lastKnownFileType = text.xcconfig; name = "Pods-DouYuZBUITests.debug.xcconfig"; path = "Pods/Target Support Files/Pods-DouYuZBUITests/Pods-DouYuZBUITests.debug.xcconfig"; sourceTree = "<group>"; };
		511A49F445282D2907AF82C5 /* Pods-DouYuZBTests.release.xcconfig */ = {isa = PBXFileReference; includeInIndex = 1; lastKnownFileType = text.xcconfig; name = "Pods-DouYuZBTests.release.xcconfig"; path = "Pods/Target Support Files/Pods-DouYuZBTests/Pods-DouYuZBTests.release.xcconfig"; sourceTree = "<group>"; };
		6C193EBC9A46B7F6C4583848 /* Pods-DouYuZB.debug.xcconfig */ = {isa = PBXFileReference; includeInIndex = 1; lastKnownFileType = text.xcconfig; name = "Pods-DouYuZB.debug.xcconfig"; path = "Pods/Target Support Files/Pods-DouYuZB/Pods-DouYuZB.debug.xcconfig"; sourceTree = "<group>"; };
		7CFC7F4EBA62DEEEBB534A11 /* Pods-DouYuZBUITests.release.xcconfig */ = {isa = PBXFileReference; includeInIndex = 1; lastKnownFileType = text.xcconfig; name = "Pods-DouYuZBUITests.release.xcconfig"; path = "Pods/Target Support Files/Pods-DouYuZBUITests/Pods-DouYuZBUITests.release.xcconfig"; sourceTree = "<group>"; };
		B748042708D5D0C8D6301251 /* Pods_DouYuZB.framework */ = {isa = PBXFileReference; explicitFileType = wrapper.framework; includeInIndex = 0; path = Pods_DouYuZB.framework; sourceTree = BUILT_PRODUCTS_DIR; };
		C094AD076E3E316CCFCCAA9D /* Pods_DouYuZBTests.framework */ = {isa = PBXFileReference; explicitFileType = wrapper.framework; includeInIndex = 0; path = Pods_DouYuZBTests.framework; sourceTree = BUILT_PRODUCTS_DIR; };
/* End PBXFileReference section */

/* Begin PBXFrameworksBuildPhase section */
		07580ED92035BB160033120E /* Frameworks */ = {
			isa = PBXFrameworksBuildPhase;
			buildActionMask = 2147483647;
			files = (
				30BAA964355658ADB1D5374C /* Pods_DouYuZB.framework in Frameworks */,
			);
			runOnlyForDeploymentPostprocessing = 0;
		};
		07580EED2035BB160033120E /* Frameworks */ = {
			isa = PBXFrameworksBuildPhase;
			buildActionMask = 2147483647;
			files = (
				7C8A733EAB1274F120556D6B /* Pods_DouYuZBTests.framework in Frameworks */,
			);
			runOnlyForDeploymentPostprocessing = 0;
		};
		07580EF82035BB160033120E /* Frameworks */ = {
			isa = PBXFrameworksBuildPhase;
			buildActionMask = 2147483647;
			files = (
				2E8B2DEEBFEB55BC99078096 /* Pods_DouYuZBUITests.framework in Frameworks */,
			);
			runOnlyForDeploymentPostprocessing = 0;
		};
/* End PBXFrameworksBuildPhase section */

/* Begin PBXGroup section */
		07580ED32035BB160033120E = {
			isa = PBXGroup;
			children = (
				07580EDE2035BB160033120E /* DouYuZB */,
				07580EF32035BB160033120E /* DouYuZBTests */,
				07580EFE2035BB160033120E /* DouYuZBUITests */,
				07580EDD2035BB160033120E /* Products */,
				2F1613E0BA26C9B17F219FD2 /* Pods */,
				9C9F09A0567365D1E8458FC9 /* Frameworks */,
			);
			sourceTree = "<group>";
		};
		07580EDD2035BB160033120E /* Products */ = {
			isa = PBXGroup;
			children = (
				07580EDC2035BB160033120E /* DouYuZB.app */,
				07580EF02035BB160033120E /* DouYuZBTests.xctest */,
				07580EFB2035BB160033120E /* DouYuZBUITests.xctest */,
			);
			name = Products;
			sourceTree = "<group>";
		};
		07580EDE2035BB160033120E /* DouYuZB */ = {
			isa = PBXGroup;
			children = (
				07580EDF2035BB160033120E /* AppDelegate.swift */,
				07580EE12035BB160033120E /* ViewController.swift */,
				07580EE32035BB160033120E /* Main.storyboard */,
				07580EE62035BB160033120E /* Assets.xcassets */,
				07580EE82035BB160033120E /* LaunchScreen.storyboard */,
				07580EEB2035BB160033120E /* Info.plist */,
			);
			path = DouYuZB;
			sourceTree = "<group>";
		};
		07580EF32035BB160033120E /* DouYuZBTests */ = {
			isa = PBXGroup;
			children = (
				07580EF42035BB160033120E /* DouYuZBTests.swift */,
				07580EF62035BB160033120E /* Info.plist */,
			);
			path = DouYuZBTests;
			sourceTree = "<group>";
		};
		07580EFE2035BB160033120E /* DouYuZBUITests */ = {
			isa = PBXGroup;
			children = (
				07580EFF2035BB160033120E /* DouYuZBUITests.swift */,
				07580F012035BB160033120E /* Info.plist */,
			);
			path = DouYuZBUITests;
			sourceTree = "<group>";
		};
		2F1613E0BA26C9B17F219FD2 /* Pods */ = {
			isa = PBXGroup;
			children = (
				6C193EBC9A46B7F6C4583848 /* Pods-DouYuZB.debug.xcconfig */,
				14C06C6656AAE073E2FCA239 /* Pods-DouYuZB.release.xcconfig */,
				1E126FD3F7C47AFC89A1A3AE /* Pods-DouYuZBTests.debug.xcconfig */,
				511A49F445282D2907AF82C5 /* Pods-DouYuZBTests.release.xcconfig */,
				42D68C636877819ADD7DF965 /* Pods-DouYuZBUITests.debug.xcconfig */,
				7CFC7F4EBA62DEEEBB534A11 /* Pods-DouYuZBUITests.release.xcconfig */,
			);
			name = Pods;
			sourceTree = "<group>";
		};
		9C9F09A0567365D1E8458FC9 /* Frameworks */ = {
			isa = PBXGroup;
			children = (
				B748042708D5D0C8D6301251 /* Pods_DouYuZB.framework */,
				C094AD076E3E316CCFCCAA9D /* Pods_DouYuZBTests.framework */,
				35EFEA7323F429D313206D47 /* Pods_DouYuZBUITests.framework */,
			);
			name = Frameworks;
			sourceTree = "<group>";
		};
/* End PBXGroup section */

/* Begin PBXNativeTarget section */
		07580EDB2035BB160033120E /* DouYuZB */ = {
			isa = PBXNativeTarget;
			buildConfigurationList = 07580F042035BB160033120E /* Build configuration list for PBXNativeTarget "DouYuZB" */;
			buildPhases = (
				5F9D4FBBCDDAF7D406FF68B5 /* [CP] Check Pods Manifest.lock */,
				07580ED82035BB160033120E /* Sources */,
				07580ED92035BB160033120E /* Frameworks */,
				07580EDA2035BB160033120E /* Resources */,
				F6C82FBE976441F654258EF4 /* [CP] Embed Pods Frameworks */,
				3E876F6E11E09695215B6AE3 /* [CP] Copy Pods Resources */,
			);
			buildRules = (
			);
			dependencies = (
			);
			name = DouYuZB;
			productName = DouYuZB;
			productReference = 07580EDC2035BB160033120E /* DouYuZB.app */;
			productType = "com.apple.product-type.application";
		};
		07580EEF2035BB160033120E /* DouYuZBTests */ = {
			isa = PBXNativeTarget;
			buildConfigurationList = 07580F072035BB160033120E /* Build configuration list for PBXNativeTarget "DouYuZBTests" */;
			buildPhases = (
				74BBED8DA741FDDE90514E6E /* [CP] Check Pods Manifest.lock */,
				07580EEC2035BB160033120E /* Sources */,
				07580EED2035BB160033120E /* Frameworks */,
				07580EEE2035BB160033120E /* Resources */,
				BF7792AF8AE7F6EC70DF49B3 /* [CP] Embed Pods Frameworks */,
				C6AC5C2EB6FB45C25EE2698C /* [CP] Copy Pods Resources */,
			);
			buildRules = (
			);
			dependencies = (
				07580EF22035BB160033120E /* PBXTargetDependency */,
			);
			name = DouYuZBTests;
			productName = DouYuZBTests;
			productReference = 07580EF02035BB160033120E /* DouYuZBTests.xctest */;
			productType = "com.apple.product-type.bundle.unit-test";
		};
		07580EFA2035BB160033120E /* DouYuZBUITests */ = {
			isa = PBXNativeTarget;
			buildConfigurationList = 07580F0A2035BB160033120E /* Build configuration list for PBXNativeTarget "DouYuZBUITests" */;
			buildPhases = (
				A846300A7D9A352ADB0BA4DE /* [CP] Check Pods Manifest.lock */,
				07580EF72035BB160033120E /* Sources */,
				07580EF82035BB160033120E /* Frameworks */,
				07580EF92035BB160033120E /* Resources */,
				7677EA9391B563E043D94F76 /* [CP] Embed Pods Frameworks */,
				4A5AFF763D107C4D85BB0A28 /* [CP] Copy Pods Resources */,
			);
			buildRules = (
			);
			dependencies = (
				07580EFD2035BB160033120E /* PBXTargetDependency */,
			);
			name = DouYuZBUITests;
			productName = DouYuZBUITests;
			productReference = 07580EFB2035BB160033120E /* DouYuZBUITests.xctest */;
			productType = "com.apple.product-type.bundle.ui-testing";
		};
/* End PBXNativeTarget section */

/* Begin PBXProject section */
		07580ED42035BB160033120E /* Project object */ = {
			isa = PBXProject;
			attributes = {
				LastSwiftUpdateCheck = 0830;
				LastUpgradeCheck = 0830;
				ORGANIZATIONNAME = zsx;
				TargetAttributes = {
					07580EDB2035BB160033120E = {
						CreatedOnToolsVersion = 8.3.3;
						ProvisioningStyle = Automatic;
					};
					07580EEF2035BB160033120E = {
						CreatedOnToolsVersion = 8.3.3;
						ProvisioningStyle = Automatic;
						TestTargetID = 07580EDB2035BB160033120E;
					};
					07580EFA2035BB160033120E = {
						CreatedOnToolsVersion = 8.3.3;
						ProvisioningStyle = Automatic;
						TestTargetID = 07580EDB2035BB160033120E;
					};
				};
			};
			buildConfigurationList = 07580ED72035BB160033120E /* Build configuration list for PBXProject "DouYuZB" */;
			compatibilityVersion = "Xcode 3.2";
			developmentRegion = English;
			hasScannedForEncodings = 0;
			knownRegions = (
				en,
				Base,
			);
			mainGroup = 07580ED32035BB160033120E;
			productRefGroup = 07580EDD2035BB160033120E /* Products */;
			projectDirPath = "";
			projectRoot = "";
			targets = (
				07580EDB2035BB160033120E /* DouYuZB */,
				07580EEF2035BB160033120E /* DouYuZBTests */,
				07580EFA2035BB160033120E /* DouYuZBUITests */,
			);
		};
/* End PBXProject section */

/* Begin PBXResourcesBuildPhase section */
		07580EDA2035BB160033120E /* Resources */ = {
			isa = PBXResourcesBuildPhase;
			buildActionMask = 2147483647;
			files = (
				07580EEA2035BB160033120E /* LaunchScreen.storyboard in Resources */,
				07580EE72035BB160033120E /* Assets.xcassets in Resources */,
				07580EE52035BB160033120E /* Main.storyboard in Resources */,
			);
			runOnlyForDeploymentPostprocessing = 0;
		};
		07580EEE2035BB160033120E /* Resources */ = {
			isa = PBXResourcesBuildPhase;
			buildActionMask = 2147483647;
			files = (
			);
			runOnlyForDeploymentPostprocessing = 0;
		};
		07580EF92035BB160033120E /* Resources */ = {
			isa = PBXResourcesBuildPhase;
			buildActionMask = 2147483647;
			files = (
			);
			runOnlyForDeploymentPostprocessing = 0;
		};
/* End PBXResourcesBuildPhase section */

/* Begin PBXShellScriptBuildPhase section */
		3E876F6E11E09695215B6AE3 /* [CP] Copy Pods Resources */ = {
			isa = PBXShellScriptBuildPhase;
			buildActionMask = 2147483647;
			files = (
			);
			inputPaths = (
			);
			name = "[CP] Copy Pods Resources";
			outputPaths = (
			);
			runOnlyForDeploymentPostprocessing = 0;
			shellPath = /bin/sh;
			shellScript = "\"${SRCROOT}/Pods/Target Support Files/Pods-DouYuZB/Pods-DouYuZB-resources.sh\"\n";
			showEnvVarsInLog = 0;
		};
		4A5AFF763D107C4D85BB0A28 /* [CP] Copy Pods Resources */ = {
			isa = PBXShellScriptBuildPhase;
			buildActionMask = 2147483647;
			files = (
			);
			inputPaths = (
			);
			name = "[CP] Copy Pods Resources";
			outputPaths = (
			);
			runOnlyForDeploymentPostprocessing = 0;
			shellPath = /bin/sh;
			shellScript = "\"${SRCROOT}/Pods/Target Support Files/Pods-DouYuZBUITests/Pods-DouYuZBUITests-resources.sh\"\n";
			showEnvVarsInLog = 0;
		};
		5F9D4FBBCDDAF7D406FF68B5 /* [CP] Check Pods Manifest.lock */ = {
			isa = PBXShellScriptBuildPhase;
			buildActionMask = 2147483647;
			files = (
			);
			inputPaths = (
				"${PODS_PODFILE_DIR_PATH}/Podfile.lock",
				"${PODS_ROOT}/Manifest.lock",
			);
			name = "[CP] Check Pods Manifest.lock";
			outputPaths = (
				"$(DERIVED_FILE_DIR)/Pods-DouYuZB-checkManifestLockResult.txt",
			);
			runOnlyForDeploymentPostprocessing = 0;
			shellPath = /bin/sh;
			shellScript = "diff \"${PODS_PODFILE_DIR_PATH}/Podfile.lock\" \"${PODS_ROOT}/Manifest.lock\" > /dev/null\nif [ $? != 0 ] ; then\n    # print error to STDERR\n    echo \"error: The sandbox is not in sync with the Podfile.lock. Run 'pod install' or update your CocoaPods installation.\" >&2\n    exit 1\nfi\n# This output is used by Xcode 'outputs' to avoid re-running this script phase.\necho \"SUCCESS\" > \"${SCRIPT_OUTPUT_FILE_0}\"\n";
			showEnvVarsInLog = 0;
		};
		74BBED8DA741FDDE90514E6E /* [CP] Check Pods Manifest.lock */ = {
			isa = PBXShellScriptBuildPhase;
			buildActionMask = 2147483647;
			files = (
			);
			inputPaths = (
				"${PODS_PODFILE_DIR_PATH}/Podfile.lock",
				"${PODS_ROOT}/Manifest.lock",
			);
			name = "[CP] Check Pods Manifest.lock";
			outputPaths = (
				"$(DERIVED_FILE_DIR)/Pods-DouYuZBTests-checkManifestLockResult.txt",
			);
			runOnlyForDeploymentPostprocessing = 0;
			shellPath = /bin/sh;
			shellScript = "diff \"${PODS_PODFILE_DIR_PATH}/Podfile.lock\" \"${PODS_ROOT}/Manifest.lock\" > /dev/null\nif [ $? != 0 ] ; then\n    # print error to STDERR\n    echo \"error: The sandbox is not in sync with the Podfile.lock. Run 'pod install' or update your CocoaPods installation.\" >&2\n    exit 1\nfi\n# This output is used by Xcode 'outputs' to avoid re-running this script phase.\necho \"SUCCESS\" > \"${SCRIPT_OUTPUT_FILE_0}\"\n";
			showEnvVarsInLog = 0;
		};
		7677EA9391B563E043D94F76 /* [CP] Embed Pods Frameworks */ = {
			isa = PBXShellScriptBuildPhase;
			buildActionMask = 2147483647;
			files = (
			);
			inputPaths = (
			);
			name = "[CP] Embed Pods Frameworks";
			outputPaths = (
			);
			runOnlyForDeploymentPostprocessing = 0;
			shellPath = /bin/sh;
			shellScript = "\"${SRCROOT}/Pods/Target Support Files/Pods-DouYuZBUITests/Pods-DouYuZBUITests-frameworks.sh\"\n";
			showEnvVarsInLog = 0;
		};
		A846300A7D9A352ADB0BA4DE /* [CP] Check Pods Manifest.lock */ = {
			isa = PBXShellScriptBuildPhase;
			buildActionMask = 2147483647;
			files = (
			);
			inputPaths = (
				"${PODS_PODFILE_DIR_PATH}/Podfile.lock",
				"${PODS_ROOT}/Manifest.lock",
			);
			name = "[CP] Check Pods Manifest.lock";
			outputPaths = (
				"$(DERIVED_FILE_DIR)/Pods-DouYuZBUITests-checkManifestLockResult.txt",
			);
			runOnlyForDeploymentPostprocessing = 0;
			shellPath = /bin/sh;
			shellScript = "diff \"${PODS_PODFILE_DIR_PATH}/Podfile.lock\" \"${PODS_ROOT}/Manifest.lock\" > /dev/null\nif [ $? != 0 ] ; then\n    # print error to STDERR\n    echo \"error: The sandbox is not in sync with the Podfile.lock. Run 'pod install' or update your CocoaPods installation.\" >&2\n    exit 1\nfi\n# This output is used by Xcode 'outputs' to avoid re-running this script phase.\necho \"SUCCESS\" > \"${SCRIPT_OUTPUT_FILE_0}\"\n";
			showEnvVarsInLog = 0;
		};
		BF7792AF8AE7F6EC70DF49B3 /* [CP] Embed Pods Frameworks */ = {
			isa = PBXShellScriptBuildPhase;
			buildActionMask = 2147483647;
			files = (
			);
			inputPaths = (
			);
			name = "[CP] Embed Pods Frameworks";
			outputPaths = (
			);
			runOnlyForDeploymentPostprocessing = 0;
			shellPath = /bin/sh;
			shellScript = "\"${SRCROOT}/Pods/Target Support Files/Pods-DouYuZBTests/Pods-DouYuZBTests-frameworks.sh\"\n";
			showEnvVarsInLog = 0;
		};
		C6AC5C2EB6FB45C25EE2698C /* [CP] Copy Pods Resources */ = {
			isa = PBXShellScriptBuildPhase;
			buildActionMask = 2147483647;
			files = (
			);
			inputPaths = (
			);
			name = "[CP] Copy Pods Resources";
			outputPaths = (
			);
			runOnlyForDeploymentPostprocessing = 0;
			shellPath = /bin/sh;
			shellScript = "\"${SRCROOT}/Pods/Target Support Files/Pods-DouYuZBTests/Pods-DouYuZBTests-resources.sh\"\n";
			showEnvVarsInLog = 0;
		};
		F6C82FBE976441F654258EF4 /* [CP] Embed Pods Frameworks */ = {
			isa = PBXShellScriptBuildPhase;
			buildActionMask = 2147483647;
			files = (
			);
			inputPaths = (
				"${SRCROOT}/Pods/Target Support Files/Pods-DouYuZB/Pods-DouYuZB-frameworks.sh",
				"${BUILT_PRODUCTS_DIR}/Alamofire/Alamofire.framework",
				"${BUILT_PRODUCTS_DIR}/HandyJSON/HandyJSON.framework",
				"${BUILT_PRODUCTS_DIR}/SwiftyJSON/SwiftyJSON.framework",
			);
			name = "[CP] Embed Pods Frameworks";
			outputPaths = (
				"${TARGET_BUILD_DIR}/${FRAMEWORKS_FOLDER_PATH}/Alamofire.framework",
				"${TARGET_BUILD_DIR}/${FRAMEWORKS_FOLDER_PATH}/HandyJSON.framework",
				"${TARGET_BUILD_DIR}/${FRAMEWORKS_FOLDER_PATH}/SwiftyJSON.framework",
			);
			runOnlyForDeploymentPostprocessing = 0;
			shellPath = /bin/sh;
			shellScript = "\"${SRCROOT}/Pods/Target Support Files/Pods-DouYuZB/Pods-DouYuZB-frameworks.sh\"\n";
			showEnvVarsInLog = 0;
		};
/* End PBXShellScriptBuildPhase section */

/* Begin PBXSourcesBuildPhase section */
		07580ED82035BB160033120E /* Sources */ = {
			isa = PBXSourcesBuildPhase;
			buildActionMask = 2147483647;
			files = (
				07580EE22035BB160033120E /* ViewController.swift in Sources */,
				07580EE02035BB160033120E /* AppDelegate.swift in Sources */,
			);
			runOnlyForDeploymentPostprocessing = 0;
		};
		07580EEC2035BB160033120E /* Sources */ = {
			isa = PBXSourcesBuildPhase;
			buildActionMask = 2147483647;
			files = (
				07580EF52035BB160033120E /* DouYuZBTests.swift in Sources */,
			);
			runOnlyForDeploymentPostprocessing = 0;
		};
		07580EF72035BB160033120E /* Sources */ = {
			isa = PBXSourcesBuildPhase;
			buildActionMask = 2147483647;
			files = (
				07580F002035BB160033120E /* DouYuZBUITests.swift in Sources */,
			);
			runOnlyForDeploymentPostprocessing = 0;
		};
/* End PBXSourcesBuildPhase section */

/* Begin PBXTargetDependency section */
		07580EF22035BB160033120E /* PBXTargetDependency */ = {
			isa = PBXTargetDependency;
			target = 07580EDB2035BB160033120E /* DouYuZB */;
			targetProxy = 07580EF12035BB160033120E /* PBXContainerItemProxy */;
		};
		07580EFD2035BB160033120E /* PBXTargetDependency */ = {
			isa = PBXTargetDependency;
			target = 07580EDB2035BB160033120E /* DouYuZB */;
			targetProxy = 07580EFC2035BB160033120E /* PBXContainerItemProxy */;
		};
/* End PBXTargetDependency section */

/* Begin PBXVariantGroup section */
		07580EE32035BB160033120E /* Main.storyboard */ = {
			isa = PBXVariantGroup;
			children = (
				07580EE42035BB160033120E /* Base */,
			);
			name = Main.storyboard;
			sourceTree = "<group>";
		};
		07580EE82035BB160033120E /* LaunchScreen.storyboard */ = {
			isa = PBXVariantGroup;
			children = (
				07580EE92035BB160033120E /* Base */,
			);
			name = LaunchScreen.storyboard;
			sourceTree = "<group>";
		};
/* End PBXVariantGroup section */

/* Begin XCBuildConfiguration section */
		07580F022035BB160033120E /* Debug */ = {
			isa = XCBuildConfiguration;
			buildSettings = {
				ALWAYS_SEARCH_USER_PATHS = NO;
				CLANG_ANALYZER_NONNULL = YES;
				CLANG_ANALYZER_NUMBER_OBJECT_CONVERSION = YES_AGGRESSIVE;
				CLANG_CXX_LANGUAGE_STANDARD = "gnu++0x";
				CLANG_CXX_LIBRARY = "libc++";
				CLANG_ENABLE_MODULES = YES;
				CLANG_ENABLE_OBJC_ARC = YES;
				CLANG_WARN_BOOL_CONVERSION = YES;
				CLANG_WARN_CONSTANT_CONVERSION = YES;
				CLANG_WARN_DIRECT_OBJC_ISA_USAGE = YES_ERROR;
				CLANG_WARN_DOCUMENTATION_COMMENTS = YES;
				CLANG_WARN_EMPTY_BODY = YES;
				CLANG_WARN_ENUM_CONVERSION = YES;
				CLANG_WARN_INFINITE_RECURSION = YES;
				CLANG_WARN_INT_CONVERSION = YES;
				CLANG_WARN_OBJC_ROOT_CLASS = YES_ERROR;
				CLANG_WARN_SUSPICIOUS_MOVE = YES;
				CLANG_WARN_UNREACHABLE_CODE = YES;
				CLANG_WARN__DUPLICATE_METHOD_MATCH = YES;
				"CODE_SIGN_IDENTITY[sdk=iphoneos*]" = "iPhone Developer";
				COPY_PHASE_STRIP = NO;
				DEBUG_INFORMATION_FORMAT = dwarf;
				ENABLE_STRICT_OBJC_MSGSEND = YES;
				ENABLE_TESTABILITY = YES;
				GCC_C_LANGUAGE_STANDARD = gnu99;
				GCC_DYNAMIC_NO_PIC = NO;
				GCC_NO_COMMON_BLOCKS = YES;
				GCC_OPTIMIZATION_LEVEL = 0;
				GCC_PREPROCESSOR_DEFINITIONS = (
					"DEBUG=1",
					"$(inherited)",
				);
				GCC_WARN_64_TO_32_BIT_CONVERSION = YES;
				GCC_WARN_ABOUT_RETURN_TYPE = YES_ERROR;
				GCC_WARN_UNDECLARED_SELECTOR = YES;
				GCC_WARN_UNINITIALIZED_AUTOS = YES_AGGRESSIVE;
				GCC_WARN_UNUSED_FUNCTION = YES;
				GCC_WARN_UNUSED_VARIABLE = YES;
				IPHONEOS_DEPLOYMENT_TARGET = 10.3;
				MTL_ENABLE_DEBUG_INFO = YES;
				ONLY_ACTIVE_ARCH = YES;
				SDKROOT = iphoneos;
				SWIFT_ACTIVE_COMPILATION_CONDITIONS = DEBUG;
				SWIFT_OPTIMIZATION_LEVEL = "-Onone";
				TARGETED_DEVICE_FAMILY = "1,2";
			};
			name = Debug;
		};
		07580F032035BB160033120E /* Release */ = {
			isa = XCBuildConfiguration;
			buildSettings = {
				ALWAYS_SEARCH_USER_PATHS = NO;
				CLANG_ANALYZER_NONNULL = YES;
				CLANG_ANALYZER_NUMBER_OBJECT_CONVERSION = YES_AGGRESSIVE;
				CLANG_CXX_LANGUAGE_STANDARD = "gnu++0x";
				CLANG_CXX_LIBRARY = "libc++";
				CLANG_ENABLE_MODULES = YES;
				CLANG_ENABLE_OBJC_ARC = YES;
				CLANG_WARN_BOOL_CONVERSION = YES;
				CLANG_WARN_CONSTANT_CONVERSION = YES;
				CLANG_WARN_DIRECT_OBJC_ISA_USAGE = YES_ERROR;
				CLANG_WARN_DOCUMENTATION_COMMENTS = YES;
				CLANG_WARN_EMPTY_BODY = YES;
				CLANG_WARN_ENUM_CONVERSION = YES;
				CLANG_WARN_INFINITE_RECURSION = YES;
				CLANG_WARN_INT_CONVERSION = YES;
				CLANG_WARN_OBJC_ROOT_CLASS = YES_ERROR;
				CLANG_WARN_SUSPICIOUS_MOVE = YES;
				CLANG_WARN_UNREACHABLE_CODE = YES;
				CLANG_WARN__DUPLICATE_METHOD_MATCH = YES;
				"CODE_SIGN_IDENTITY[sdk=iphoneos*]" = "iPhone Developer";
				COPY_PHASE_STRIP = NO;
				DEBUG_INFORMATION_FORMAT = "dwarf-with-dsym";
				ENABLE_NS_ASSERTIONS = NO;
				ENABLE_STRICT_OBJC_MSGSEND = YES;
				GCC_C_LANGUAGE_STANDARD = gnu99;
				GCC_NO_COMMON_BLOCKS = YES;
				GCC_WARN_64_TO_32_BIT_CONVERSION = YES;
				GCC_WARN_ABOUT_RETURN_TYPE = YES_ERROR;
				GCC_WARN_UNDECLARED_SELECTOR = YES;
				GCC_WARN_UNINITIALIZED_AUTOS = YES_AGGRESSIVE;
				GCC_WARN_UNUSED_FUNCTION = YES;
				GCC_WARN_UNUSED_VARIABLE = YES;
				IPHONEOS_DEPLOYMENT_TARGET = 10.3;
				MTL_ENABLE_DEBUG_INFO = NO;
				SDKROOT = iphoneos;
				SWIFT_OPTIMIZATION_LEVEL = "-Owholemodule";
				TARGETED_DEVICE_FAMILY = "1,2";
				VALIDATE_PRODUCT = YES;
			};
			name = Release;
		};
		07580F052035BB160033120E /* Debug */ = {
			isa = XCBuildConfiguration;
			baseConfigurationReference = 6C193EBC9A46B7F6C4583848 /* Pods-DouYuZB.debug.xcconfig */;
			buildSettings = {
				ASSETCATALOG_COMPILER_APPICON_NAME = AppIcon;
				ASSETCATALOG_COMPILER_LAUNCHIMAGE_NAME = LaunchImage;
				INFOPLIST_FILE = DouYuZB/Info.plist;
				IPHONEOS_DEPLOYMENT_TARGET = 8.0;
				LD_RUNPATH_SEARCH_PATHS = "$(inherited) @executable_path/Frameworks";
				PRODUCT_BUNDLE_IDENTIFIER = com.670074760.DouYuZB;
				PRODUCT_NAME = "$(TARGET_NAME)";
				SWIFT_VERSION = 3.0;
			};
			name = Debug;
		};
		07580F062035BB160033120E /* Release */ = {
			isa = XCBuildConfiguration;
			baseConfigurationReference = 14C06C6656AAE073E2FCA239 /* Pods-DouYuZB.release.xcconfig */;
			buildSettings = {
				ASSETCATALOG_COMPILER_APPICON_NAME = AppIcon;
				ASSETCATALOG_COMPILER_LAUNCHIMAGE_NAME = LaunchImage;
				INFOPLIST_FILE = DouYuZB/Info.plist;
				IPHONEOS_DEPLOYMENT_TARGET = 8.0;
				LD_RUNPATH_SEARCH_PATHS = "$(inherited) @executable_path/Frameworks";
				PRODUCT_BUNDLE_IDENTIFIER = com.670074760.DouYuZB;
				PRODUCT_NAME = "$(TARGET_NAME)";
				SWIFT_VERSION = 3.0;
			};
			name = Release;
		};
		07580F082035BB160033120E /* Debug */ = {
			isa = XCBuildConfiguration;
			baseConfigurationReference = 1E126FD3F7C47AFC89A1A3AE /* Pods-DouYuZBTests.debug.xcconfig */;
			buildSettings = {
				ALWAYS_EMBED_SWIFT_STANDARD_LIBRARIES = YES;
				BUNDLE_LOADER = "$(TEST_HOST)";
				INFOPLIST_FILE = DouYuZBTests/Info.plist;
				LD_RUNPATH_SEARCH_PATHS = "$(inherited) @executable_path/Frameworks @loader_path/Frameworks";
				PRODUCT_BUNDLE_IDENTIFIER = com.670074760.DouYuZBTests;
				PRODUCT_NAME = "$(TARGET_NAME)";
				SWIFT_VERSION = 3.0;
				TEST_HOST = "$(BUILT_PRODUCTS_DIR)/DouYuZB.app/DouYuZB";
			};
			name = Debug;
		};
		07580F092035BB160033120E /* Release */ = {
			isa = XCBuildConfiguration;
			baseConfigurationReference = 511A49F445282D2907AF82C5 /* Pods-DouYuZBTests.release.xcconfig */;
			buildSettings = {
				ALWAYS_EMBED_SWIFT_STANDARD_LIBRARIES = YES;
				BUNDLE_LOADER = "$(TEST_HOST)";
				INFOPLIST_FILE = DouYuZBTests/Info.plist;
				LD_RUNPATH_SEARCH_PATHS = "$(inherited) @executable_path/Frameworks @loader_path/Frameworks";
				PRODUCT_BUNDLE_IDENTIFIER = com.670074760.DouYuZBTests;
				PRODUCT_NAME = "$(TARGET_NAME)";
				SWIFT_VERSION = 3.0;
				TEST_HOST = "$(BUILT_PRODUCTS_DIR)/DouYuZB.app/DouYuZB";
			};
			name = Release;
		};
		07580F0B2035BB160033120E /* Debug */ = {
			isa = XCBuildConfiguration;
			baseConfigurationReference = 42D68C636877819ADD7DF965 /* Pods-DouYuZBUITests.debug.xcconfig */;
			buildSettings = {
				ALWAYS_EMBED_SWIFT_STANDARD_LIBRARIES = YES;
				INFOPLIST_FILE = DouYuZBUITests/Info.plist;
				LD_RUNPATH_SEARCH_PATHS = "$(inherited) @executable_path/Frameworks @loader_path/Frameworks";
				PRODUCT_BUNDLE_IDENTIFIER = com.670074760.DouYuZBUITests;
				PRODUCT_NAME = "$(TARGET_NAME)";
				SWIFT_VERSION = 3.0;
				TEST_TARGET_NAME = DouYuZB;
			};
			name = Debug;
		};
		07580F0C2035BB160033120E /* Release */ = {
			isa = XCBuildConfiguration;
			baseConfigurationReference = 7CFC7F4EBA62DEEEBB534A11 /* Pods-DouYuZBUITests.release.xcconfig */;
			buildSettings = {
				ALWAYS_EMBED_SWIFT_STANDARD_LIBRARIES = YES;
				INFOPLIST_FILE = DouYuZBUITests/Info.plist;
				LD_RUNPATH_SEARCH_PATHS = "$(inherited) @executable_path/Frameworks @loader_path/Frameworks";
				PRODUCT_BUNDLE_IDENTIFIER = com.670074760.DouYuZBUITests;
				PRODUCT_NAME = "$(TARGET_NAME)";
				SWIFT_VERSION = 3.0;
				TEST_TARGET_NAME = DouYuZB;
			};
			name = Release;
		};
/* End XCBuildConfiguration section */

/* Begin XCConfigurationList section */
		07580ED72035BB160033120E /* Build configuration list for PBXProject "DouYuZB" */ = {
			isa = XCConfigurationList;
			buildConfigurations = (
				07580F022035BB160033120E /* Debug */,
				07580F032035BB160033120E /* Release */,
			);
			defaultConfigurationIsVisible = 0;
			defaultConfigurationName = Release;
		};
		07580F042035BB160033120E /* Build configuration list for PBXNativeTarget "DouYuZB" */ = {
			isa = XCConfigurationList;
			buildConfigurations = (
				07580F052035BB160033120E /* Debug */,
				07580F062035BB160033120E /* Release */,
			);
			defaultConfigurationIsVisible = 0;
		};
		07580F072035BB160033120E /* Build configuration list for PBXNativeTarget "DouYuZBTests" */ = {
			isa = XCConfigurationList;
			buildConfigurations = (
				07580F082035BB160033120E /* Debug */,
				07580F092035BB160033120E /* Release */,
			);
			defaultConfigurationIsVisible = 0;
		};
		07580F0A2035BB160033120E /* Build configuration list for PBXNativeTarget "DouYuZBUITests" */ = {
			isa = XCConfigurationList;
			buildConfigurations = (
				07580F0B2035BB160033120E /* Debug */,
				07580F0C2035BB160033120E /* Release */,
			);
			defaultConfigurationIsVisible = 0;
		};
/* End XCConfigurationList section */
	};
	rootObject = 07580ED42035BB160033120E /* Project object */;
}
